// !$*UTF8*$!
{
	archiveVersion = 1;
	classes = {
	};
	objectVersion = 50;
	objects = {

/* Begin PBXGroup section */
		DCF828DC2312DB5C001FBFC2 = {
			isa = PBXGroup;
			children = (
			);
			sourceTree = "<group>";
		};
/* End PBXGroup section */

/* Begin PBXProject section */
		DCF828DD2312DB5C001FBFC2 /* Project object */ = {
			isa = PBXProject;
			attributes = {
				LastUpgradeCheck = 1030;
			};
			buildConfigurationList = DCF828E02312DB5C001FBFC2 /* Build configuration list for PBXProject "Spuffle" */;
			compatibilityVersion = "Xcode 9.3";
			developmentRegion = en;
			hasScannedForEncodings = 0;
			knownRegions = (
				en,
			);
			mainGroup = DCF828DC2312DB5C001FBFC2;
			projectDirPath = "";
			projectRoot = "";
			targets = (
			);
		};
/* End PBXProject section */

/* Begin XCBuildConfiguration section */
		DCF828E12312DB5C001FBFC2 /* Debug */ = {
			isa = XCBuildConfiguration;
			buildSettings = {
			};
			name = Debug;
		};
		DCF828E22312DB5C001FBFC2 /* Release */ = {
			isa = XCBuildConfiguration;
			buildSettings = {
			};
			name = Release;
		};
/* End XCBuildConfiguration section */

/* Begin XCConfigurationList section */
		DCF828E02312DB5C001FBFC2 /* Build configuration list for PBXProject "Spuffle" */ = {
			isa = XCConfigurationList;
			buildConfigurations = (
				DCF828E12312DB5C001FBFC2 /* Debug */,
				DCF828E22312DB5C001FBFC2 /* Release */,
			);
			defaultConfigurationIsVisible = 0;
			defaultConfigurationName = Release;
		};
/* End XCConfigurationList section */
	};
	rootObject = DCF828DD2312DB5C001FBFC2 /* Project object */;
}
