// !$*UTF8*$!
{
	archiveVersion = 1;
	classes = {
	};
	objectVersion = 50;
	objects = {

/* Begin PBXBuildFile section */
		65209EAC25DE2D5900A93346 /* Player.swift in Sources */ = {isa = PBXBuildFile; fileRef = 65209EAB25DE2D5900A93346 /* Player.swift */; };
		652EB1A52640F5970040F751 /* RandomPlaylistPickerTest.swift in Sources */ = {isa = PBXBuildFile; fileRef = 652EB1A42640F5970040F751 /* RandomPlaylistPickerTest.swift */; };
		652EB1AB2640FCE60040F751 /* RandomPlaylistPicker.swift in Sources */ = {isa = PBXBuildFile; fileRef = 652EB1AA2640FCE60040F751 /* RandomPlaylistPicker.swift */; };
		652EB1AF2644EFFD0040F751 /* Track.swift in Sources */ = {isa = PBXBuildFile; fileRef = 652EB1AE2644EFFD0040F751 /* Track.swift */; };
		654D536023F662DA007E65A8 /* Alert.swift in Sources */ = {isa = PBXBuildFile; fileRef = 654D535F23F662DA007E65A8 /* Alert.swift */; };
		656CA5A0264D866500C24DB1 /* UserDefaults+DataStore.swift in Sources */ = {isa = PBXBuildFile; fileRef = 656CA59F264D866500C24DB1 /* UserDefaults+DataStore.swift */; };
		65785507263F22B1000C2AE0 /* DataStorageMock.swift in Sources */ = {isa = PBXBuildFile; fileRef = 65785506263F22B1000C2AE0 /* DataStorageMock.swift */; };
		6578550C263F2309000C2AE0 /* DataStore.swift in Sources */ = {isa = PBXBuildFile; fileRef = 6578550B263F2309000C2AE0 /* DataStore.swift */; };
		65785512263F23A1000C2AE0 /* PlaylistController.swift in Sources */ = {isa = PBXBuildFile; fileRef = 65785511263F23A1000C2AE0 /* PlaylistController.swift */; };
		657C299224480FF100EE8066 /* Extensions.swift in Sources */ = {isa = PBXBuildFile; fileRef = 657C299124480FF100EE8066 /* Extensions.swift */; };
		658E84472607CE0B00DDACBA /* SpotifyController.swift in Sources */ = {isa = PBXBuildFile; fileRef = 658E84462607CE0B00DDACBA /* SpotifyController.swift */; };
		658E844C2607CE8900DDACBA /* Playlist.swift in Sources */ = {isa = PBXBuildFile; fileRef = 658E844B2607CE8900DDACBA /* Playlist.swift */; };
		658E844F2607CFF000DDACBA /* PlayerState.swift in Sources */ = {isa = PBXBuildFile; fileRef = 658E844E2607CFF000DDACBA /* PlayerState.swift */; };
		658E84542607D31100DDACBA /* Spotify.swift in Sources */ = {isa = PBXBuildFile; fileRef = 658E84532607D31100DDACBA /* Spotify.swift */; };
		658E8458260858CD00DDACBA /* SpotifyPlayerError.swift in Sources */ = {isa = PBXBuildFile; fileRef = 658E8457260858CD00DDACBA /* SpotifyPlayerError.swift */; };
		658E84622609A3EB00DDACBA /* SpotifyPlayerTests.swift in Sources */ = {isa = PBXBuildFile; fileRef = 658E84612609A3EB00DDACBA /* SpotifyPlayerTests.swift */; };
		658E846B2609A6C300DDACBA /* SpotifyAudioPlayback.framework in Frameworks */ = {isa = PBXBuildFile; fileRef = DCEF78832342FF28002E672E /* SpotifyAudioPlayback.framework */; };
		658F1E9D261B5E8C001C4BA4 /* SpotifyMock.swift in Sources */ = {isa = PBXBuildFile; fileRef = 658F1E9C261B5E8C001C4BA4 /* SpotifyMock.swift */; };
		65BA947D23E9F4AF000E4E11 /* Log.swift in Sources */ = {isa = PBXBuildFile; fileRef = 65BA947C23E9F4AF000E4E11 /* Log.swift */; };
		65C63C5126359F4000BFC201 /* PlaylistControllerTests.swift in Sources */ = {isa = PBXBuildFile; fileRef = 65C63C5026359F4000BFC201 /* PlaylistControllerTests.swift */; };
		65CE85582652213700DD00B4 /* SPTPartialPlaylist+InputPlaylist.swift in Sources */ = {isa = PBXBuildFile; fileRef = 65CE85572652213600DD00B4 /* SPTPartialPlaylist+InputPlaylist.swift */; };
		65EDB8F2245F3D64008D01EA /* SpotifyiOS.framework in Frameworks */ = {isa = PBXBuildFile; fileRef = 65EDB8F1245F3D64008D01EA /* SpotifyiOS.framework */; };
		65F436BB25FF9BA10047B3FD /* SpPlaybackEvent+CustomStringConvertible.swift in Sources */ = {isa = PBXBuildFile; fileRef = 65F436BA25FF9BA10047B3FD /* SpPlaybackEvent+CustomStringConvertible.swift */; };
		65F436BE25FF9E8A0047B3FD /* SpotifyPlayer.swift in Sources */ = {isa = PBXBuildFile; fileRef = 65F436BD25FF9E8A0047B3FD /* SpotifyPlayer.swift */; };
		65F436C125FF9F160047B3FD /* SpotifyDelegate.swift in Sources */ = {isa = PBXBuildFile; fileRef = 65F436C025FF9F160047B3FD /* SpotifyDelegate.swift */; };
		DC0EA8CF23387D08005FB35B /* SpotifyMetadata.framework in Frameworks */ = {isa = PBXBuildFile; fileRef = DC0EA8CE23387D08005FB35B /* SpotifyMetadata.framework */; };
		DCAEADE7232B4E8D006FCC49 /* AppSecrets.swift in Sources */ = {isa = PBXBuildFile; fileRef = DCAEADE6232B4E8D006FCC49 /* AppSecrets.swift */; };
		DCC0B52C23139181007F76A6 /* AppDelegate.swift in Sources */ = {isa = PBXBuildFile; fileRef = DCC0B52B23139181007F76A6 /* AppDelegate.swift */; };
		DCC0B52E23139181007F76A6 /* SignInViewController.swift in Sources */ = {isa = PBXBuildFile; fileRef = DCC0B52D23139181007F76A6 /* SignInViewController.swift */; };
		DCC0B53123139181007F76A6 /* Main.storyboard in Resources */ = {isa = PBXBuildFile; fileRef = DCC0B52F23139181007F76A6 /* Main.storyboard */; };
		DCC0B53323139182007F76A6 /* Assets.xcassets in Resources */ = {isa = PBXBuildFile; fileRef = DCC0B53223139182007F76A6 /* Assets.xcassets */; };
		DCC0B53623139182007F76A6 /* LaunchScreen.storyboard in Resources */ = {isa = PBXBuildFile; fileRef = DCC0B53423139182007F76A6 /* LaunchScreen.storyboard */; };
		DCEEFFA72331E15B00849984 /* SpuffleViewController.swift in Sources */ = {isa = PBXBuildFile; fileRef = DCEEFFA62331E15B00849984 /* SpuffleViewController.swift */; };
/* End PBXBuildFile section */

/* Begin PBXContainerItemProxy section */
		658E84642609A3EB00DDACBA /* PBXContainerItemProxy */ = {
			isa = PBXContainerItemProxy;
			containerPortal = DCF828DD2312DB5C001FBFC2 /* Project object */;
			proxyType = 1;
			remoteGlobalIDString = DCC0B52723139181007F76A6;
			remoteInfo = Spuffle;
		};
/* End PBXContainerItemProxy section */

/* Begin PBXFileReference section */
		65209EAB25DE2D5900A93346 /* Player.swift */ = {isa = PBXFileReference; lastKnownFileType = sourcecode.swift; path = Player.swift; sourceTree = "<group>"; };
		652EB1A42640F5970040F751 /* RandomPlaylistPickerTest.swift */ = {isa = PBXFileReference; lastKnownFileType = sourcecode.swift; path = RandomPlaylistPickerTest.swift; sourceTree = "<group>"; };
		652EB1AA2640FCE60040F751 /* RandomPlaylistPicker.swift */ = {isa = PBXFileReference; lastKnownFileType = sourcecode.swift; path = RandomPlaylistPicker.swift; sourceTree = "<group>"; };
		652EB1AE2644EFFD0040F751 /* Track.swift */ = {isa = PBXFileReference; lastKnownFileType = sourcecode.swift; path = Track.swift; sourceTree = "<group>"; };
		654D535F23F662DA007E65A8 /* Alert.swift */ = {isa = PBXFileReference; lastKnownFileType = sourcecode.swift; path = Alert.swift; sourceTree = "<group>"; };
		656CA59F264D866500C24DB1 /* UserDefaults+DataStore.swift */ = {isa = PBXFileReference; lastKnownFileType = sourcecode.swift; path = "UserDefaults+DataStore.swift"; sourceTree = "<group>"; };
		65785506263F22B1000C2AE0 /* DataStorageMock.swift */ = {isa = PBXFileReference; lastKnownFileType = sourcecode.swift; path = DataStorageMock.swift; sourceTree = "<group>"; };
		6578550B263F2309000C2AE0 /* DataStore.swift */ = {isa = PBXFileReference; lastKnownFileType = sourcecode.swift; path = DataStore.swift; sourceTree = "<group>"; };
		65785511263F23A1000C2AE0 /* PlaylistController.swift */ = {isa = PBXFileReference; lastKnownFileType = sourcecode.swift; path = PlaylistController.swift; sourceTree = "<group>"; };
		657C299124480FF100EE8066 /* Extensions.swift */ = {isa = PBXFileReference; lastKnownFileType = sourcecode.swift; path = Extensions.swift; sourceTree = "<group>"; };
		658E84462607CE0B00DDACBA /* SpotifyController.swift */ = {isa = PBXFileReference; lastKnownFileType = sourcecode.swift; path = SpotifyController.swift; sourceTree = "<group>"; };
		658E844B2607CE8900DDACBA /* Playlist.swift */ = {isa = PBXFileReference; lastKnownFileType = sourcecode.swift; path = Playlist.swift; sourceTree = "<group>"; };
		658E844E2607CFF000DDACBA /* PlayerState.swift */ = {isa = PBXFileReference; lastKnownFileType = sourcecode.swift; path = PlayerState.swift; sourceTree = "<group>"; };
		658E84532607D31100DDACBA /* Spotify.swift */ = {isa = PBXFileReference; lastKnownFileType = sourcecode.swift; path = Spotify.swift; sourceTree = "<group>"; };
		658E8457260858CD00DDACBA /* SpotifyPlayerError.swift */ = {isa = PBXFileReference; lastKnownFileType = sourcecode.swift; path = SpotifyPlayerError.swift; sourceTree = "<group>"; };
		658E845F2609A3EB00DDACBA /* SpuffleTests.xctest */ = {isa = PBXFileReference; explicitFileType = wrapper.cfbundle; includeInIndex = 0; path = SpuffleTests.xctest; sourceTree = BUILT_PRODUCTS_DIR; };
		658E84612609A3EB00DDACBA /* SpotifyPlayerTests.swift */ = {isa = PBXFileReference; lastKnownFileType = sourcecode.swift; path = SpotifyPlayerTests.swift; sourceTree = "<group>"; };
		658E84632609A3EB00DDACBA /* Info.plist */ = {isa = PBXFileReference; lastKnownFileType = text.plist.xml; path = Info.plist; sourceTree = "<group>"; };
		658F1E9C261B5E8C001C4BA4 /* SpotifyMock.swift */ = {isa = PBXFileReference; lastKnownFileType = sourcecode.swift; path = SpotifyMock.swift; sourceTree = "<group>"; };
		65BA947C23E9F4AF000E4E11 /* Log.swift */ = {isa = PBXFileReference; lastKnownFileType = sourcecode.swift; path = Log.swift; sourceTree = "<group>"; };
		65C63C5026359F4000BFC201 /* PlaylistControllerTests.swift */ = {isa = PBXFileReference; lastKnownFileType = sourcecode.swift; path = PlaylistControllerTests.swift; sourceTree = "<group>"; };
		65CE85572652213600DD00B4 /* SPTPartialPlaylist+InputPlaylist.swift */ = {isa = PBXFileReference; lastKnownFileType = sourcecode.swift; path = "SPTPartialPlaylist+InputPlaylist.swift"; sourceTree = "<group>"; };
		65EDB8F1245F3D64008D01EA /* SpotifyiOS.framework */ = {isa = PBXFileReference; lastKnownFileType = wrapper.framework; name = SpotifyiOS.framework; path = Frameworks/SpotifyiOS.framework; sourceTree = "<group>"; };
		65F436BA25FF9BA10047B3FD /* SpPlaybackEvent+CustomStringConvertible.swift */ = {isa = PBXFileReference; lastKnownFileType = sourcecode.swift; path = "SpPlaybackEvent+CustomStringConvertible.swift"; sourceTree = "<group>"; };
		65F436BD25FF9E8A0047B3FD /* SpotifyPlayer.swift */ = {isa = PBXFileReference; lastKnownFileType = sourcecode.swift; path = SpotifyPlayer.swift; sourceTree = "<group>"; };
		65F436C025FF9F160047B3FD /* SpotifyDelegate.swift */ = {isa = PBXFileReference; lastKnownFileType = sourcecode.swift; path = SpotifyDelegate.swift; sourceTree = "<group>"; };
		DC0EA8CE23387D08005FB35B /* SpotifyMetadata.framework */ = {isa = PBXFileReference; lastKnownFileType = wrapper.framework; name = SpotifyMetadata.framework; path = Frameworks/SpotifyMetadata.framework; sourceTree = "<group>"; };
		DC57F96223165A850054F19C /* Spuffle-Bridging-Header.h */ = {isa = PBXFileReference; lastKnownFileType = sourcecode.c.h; path = "Spuffle-Bridging-Header.h"; sourceTree = "<group>"; };
		DCAEADE6232B4E8D006FCC49 /* AppSecrets.swift */ = {isa = PBXFileReference; lastKnownFileType = sourcecode.swift; path = AppSecrets.swift; sourceTree = "<group>"; };
		DCC0B52823139181007F76A6 /* Spuffle.app */ = {isa = PBXFileReference; explicitFileType = wrapper.application; includeInIndex = 0; path = Spuffle.app; sourceTree = BUILT_PRODUCTS_DIR; };
		DCC0B52B23139181007F76A6 /* AppDelegate.swift */ = {isa = PBXFileReference; lastKnownFileType = sourcecode.swift; path = AppDelegate.swift; sourceTree = "<group>"; };
		DCC0B52D23139181007F76A6 /* SignInViewController.swift */ = {isa = PBXFileReference; lastKnownFileType = sourcecode.swift; path = SignInViewController.swift; sourceTree = "<group>"; };
		DCC0B53023139181007F76A6 /* Base */ = {isa = PBXFileReference; lastKnownFileType = file.storyboard; name = Base; path = Base.lproj/Main.storyboard; sourceTree = "<group>"; };
		DCC0B53223139182007F76A6 /* Assets.xcassets */ = {isa = PBXFileReference; lastKnownFileType = folder.assetcatalog; path = Assets.xcassets; sourceTree = "<group>"; };
		DCC0B53523139182007F76A6 /* Base */ = {isa = PBXFileReference; lastKnownFileType = file.storyboard; name = Base; path = Base.lproj/LaunchScreen.storyboard; sourceTree = "<group>"; };
		DCC0B53723139182007F76A6 /* Info.plist */ = {isa = PBXFileReference; lastKnownFileType = text.plist.xml; path = Info.plist; sourceTree = "<group>"; };
		DCEEFFA62331E15B00849984 /* SpuffleViewController.swift */ = {isa = PBXFileReference; lastKnownFileType = sourcecode.swift; path = SpuffleViewController.swift; sourceTree = "<group>"; };
		DCEF78832342FF28002E672E /* SpotifyAudioPlayback.framework */ = {isa = PBXFileReference; lastKnownFileType = wrapper.framework; name = SpotifyAudioPlayback.framework; path = Frameworks/SpotifyAudioPlayback.framework; sourceTree = "<group>"; };
/* End PBXFileReference section */

/* Begin PBXFrameworksBuildPhase section */
		658E845C2609A3EB00DDACBA /* Frameworks */ = {
			isa = PBXFrameworksBuildPhase;
			buildActionMask = 2147483647;
			files = (
			);
			runOnlyForDeploymentPostprocessing = 0;
		};
		DCC0B52523139181007F76A6 /* Frameworks */ = {
			isa = PBXFrameworksBuildPhase;
			buildActionMask = 2147483647;
			files = (
				65EDB8F2245F3D64008D01EA /* SpotifyiOS.framework in Frameworks */,
				DC0EA8CF23387D08005FB35B /* SpotifyMetadata.framework in Frameworks */,
				658E846B2609A6C300DDACBA /* SpotifyAudioPlayback.framework in Frameworks */,
			);
			runOnlyForDeploymentPostprocessing = 0;
		};
/* End PBXFrameworksBuildPhase section */

/* Begin PBXGroup section */
		652EB1A32640F55A0040F751 /* Playlist */ = {
			isa = PBXGroup;
			children = (
				65C63C5026359F4000BFC201 /* PlaylistControllerTests.swift */,
				652EB1A42640F5970040F751 /* RandomPlaylistPickerTest.swift */,
			);
			path = Playlist;
			sourceTree = "<group>";
		};
		656CA598264D860A00C24DB1 /* Data Store */ = {
			isa = PBXGroup;
			children = (
				6578550B263F2309000C2AE0 /* DataStore.swift */,
				656CA59F264D866500C24DB1 /* UserDefaults+DataStore.swift */,
			);
			path = "Data Store";
			sourceTree = "<group>";
		};
		658E84492607CE2E00DDACBA /* Spotify Player */ = {
			isa = PBXGroup;
			children = (
				658E84522607D2EA00DDACBA /* Spotify Controller */,
				65F436BD25FF9E8A0047B3FD /* SpotifyPlayer.swift */,
				658E8457260858CD00DDACBA /* SpotifyPlayerError.swift */,
				65F436BA25FF9BA10047B3FD /* SpPlaybackEvent+CustomStringConvertible.swift */,
				65CE85572652213600DD00B4 /* SPTPartialPlaylist+InputPlaylist.swift */,
			);
			path = "Spotify Player";
			sourceTree = "<group>";
		};
		658E844A2607CE4700DDACBA /* Player */ = {
			isa = PBXGroup;
			children = (
				658E84492607CE2E00DDACBA /* Spotify Player */,
				65209EAB25DE2D5900A93346 /* Player.swift */,
				658E844E2607CFF000DDACBA /* PlayerState.swift */,
				652EB1AE2644EFFD0040F751 /* Track.swift */,
			);
			path = Player;
			sourceTree = "<group>";
		};
		658E84522607D2EA00DDACBA /* Spotify Controller */ = {
			isa = PBXGroup;
			children = (
				658E84532607D31100DDACBA /* Spotify.swift */,
				658E84462607CE0B00DDACBA /* SpotifyController.swift */,
				65F436C025FF9F160047B3FD /* SpotifyDelegate.swift */,
			);
			path = "Spotify Controller";
			sourceTree = "<group>";
		};
		658E84602609A3EB00DDACBA /* SpuffleTests */ = {
			isa = PBXGroup;
			children = (
				652EB1A32640F55A0040F751 /* Playlist */,
				658E84612609A3EB00DDACBA /* SpotifyPlayerTests.swift */,
				658F1E9C261B5E8C001C4BA4 /* SpotifyMock.swift */,
				65785506263F22B1000C2AE0 /* DataStorageMock.swift */,
				658E84632609A3EB00DDACBA /* Info.plist */,
			);
			path = SpuffleTests;
			sourceTree = "<group>";
		};
		65C63C4F26359E5500BFC201 /* Playlist */ = {
			isa = PBXGroup;
			children = (
				658E844B2607CE8900DDACBA /* Playlist.swift */,
				65785511263F23A1000C2AE0 /* PlaylistController.swift */,
				652EB1AA2640FCE60040F751 /* RandomPlaylistPicker.swift */,
			);
			path = Playlist;
			sourceTree = "<group>";
		};
		DC57F95F2316593B0054F19C /* Frameworks */ = {
			isa = PBXGroup;
			children = (
				65EDB8F1245F3D64008D01EA /* SpotifyiOS.framework */,
				DCEF78832342FF28002E672E /* SpotifyAudioPlayback.framework */,
				DC0EA8CE23387D08005FB35B /* SpotifyMetadata.framework */,
			);
			name = Frameworks;
			sourceTree = "<group>";
		};
		DCC0B52923139181007F76A6 /* Products */ = {
			isa = PBXGroup;
			children = (
				DCC0B52823139181007F76A6 /* Spuffle.app */,
				658E845F2609A3EB00DDACBA /* SpuffleTests.xctest */,
			);
			name = Products;
			sourceTree = "<group>";
		};
		DCC0B52A23139181007F76A6 /* Spuffle */ = {
			isa = PBXGroup;
			children = (
				DCC0B52B23139181007F76A6 /* AppDelegate.swift */,
				654D535F23F662DA007E65A8 /* Alert.swift */,
				DCC0B52D23139181007F76A6 /* SignInViewController.swift */,
				DCEEFFA62331E15B00849984 /* SpuffleViewController.swift */,
				DCC0B52F23139181007F76A6 /* Main.storyboard */,
				DCC0B53223139182007F76A6 /* Assets.xcassets */,
				DCC0B53423139182007F76A6 /* LaunchScreen.storyboard */,
				DCC0B53723139182007F76A6 /* Info.plist */,
				DCAEADE6232B4E8D006FCC49 /* AppSecrets.swift */,
				65BA947C23E9F4AF000E4E11 /* Log.swift */,
				657C299124480FF100EE8066 /* Extensions.swift */,
				656CA598264D860A00C24DB1 /* Data Store */,
				65C63C4F26359E5500BFC201 /* Playlist */,
				658E844A2607CE4700DDACBA /* Player */,
			);
			path = Spuffle;
			sourceTree = "<group>";
		};
		DCF828DC2312DB5C001FBFC2 = {
			isa = PBXGroup;
			children = (
				DC57F96223165A850054F19C /* Spuffle-Bridging-Header.h */,
				DCC0B52A23139181007F76A6 /* Spuffle */,
				658E84602609A3EB00DDACBA /* SpuffleTests */,
				DCC0B52923139181007F76A6 /* Products */,
				DC57F95F2316593B0054F19C /* Frameworks */,
			);
			sourceTree = "<group>";
		};
/* End PBXGroup section */

/* Begin PBXNativeTarget section */
		658E845E2609A3EB00DDACBA /* SpuffleTests */ = {
			isa = PBXNativeTarget;
			buildConfigurationList = 658E84662609A3EB00DDACBA /* Build configuration list for PBXNativeTarget "SpuffleTests" */;
			buildPhases = (
				658E845B2609A3EB00DDACBA /* Sources */,
				658E845C2609A3EB00DDACBA /* Frameworks */,
				658E845D2609A3EB00DDACBA /* Resources */,
			);
			buildRules = (
			);
			dependencies = (
				658E84652609A3EB00DDACBA /* PBXTargetDependency */,
			);
			name = SpuffleTests;
			productName = SpuffleTests;
			productReference = 658E845F2609A3EB00DDACBA /* SpuffleTests.xctest */;
			productType = "com.apple.product-type.bundle.unit-test";
		};
		DCC0B52723139181007F76A6 /* Spuffle */ = {
			isa = PBXNativeTarget;
			buildConfigurationList = DCC0B53A23139182007F76A6 /* Build configuration list for PBXNativeTarget "Spuffle" */;
			buildPhases = (
				DCC0B52423139181007F76A6 /* Sources */,
				DCC0B52523139181007F76A6 /* Frameworks */,
				DCC0B52623139181007F76A6 /* Resources */,
			);
			buildRules = (
			);
			dependencies = (
			);
			name = Spuffle;
			productName = Spuffle;
			productReference = DCC0B52823139181007F76A6 /* Spuffle.app */;
			productType = "com.apple.product-type.application";
		};
/* End PBXNativeTarget section */

/* Begin PBXProject section */
		DCF828DD2312DB5C001FBFC2 /* Project object */ = {
			isa = PBXProject;
			attributes = {
				LastSwiftUpdateCheck = 1240;
				LastUpgradeCheck = 1200;
				TargetAttributes = {
					658E845E2609A3EB00DDACBA = {
						CreatedOnToolsVersion = 12.4;
						TestTargetID = DCC0B52723139181007F76A6;
					};
					DCC0B52723139181007F76A6 = {
						CreatedOnToolsVersion = 10.3;
						SystemCapabilities = {
							com.apple.BackgroundModes = {
								enabled = 1;
							};
						};
					};
				};
			};
			buildConfigurationList = DCF828E02312DB5C001FBFC2 /* Build configuration list for PBXProject "Spuffle" */;
			compatibilityVersion = "Xcode 9.3";
			developmentRegion = en;
			hasScannedForEncodings = 0;
			knownRegions = (
				en,
				Base,
			);
			mainGroup = DCF828DC2312DB5C001FBFC2;
			productRefGroup = DCC0B52923139181007F76A6 /* Products */;
			projectDirPath = "";
			projectRoot = "";
			targets = (
				DCC0B52723139181007F76A6 /* Spuffle */,
				658E845E2609A3EB00DDACBA /* SpuffleTests */,
			);
		};
/* End PBXProject section */

/* Begin PBXResourcesBuildPhase section */
		658E845D2609A3EB00DDACBA /* Resources */ = {
			isa = PBXResourcesBuildPhase;
			buildActionMask = 2147483647;
			files = (
			);
			runOnlyForDeploymentPostprocessing = 0;
		};
		DCC0B52623139181007F76A6 /* Resources */ = {
			isa = PBXResourcesBuildPhase;
			buildActionMask = 2147483647;
			files = (
				DCC0B53623139182007F76A6 /* LaunchScreen.storyboard in Resources */,
				DCC0B53323139182007F76A6 /* Assets.xcassets in Resources */,
				DCC0B53123139181007F76A6 /* Main.storyboard in Resources */,
			);
			runOnlyForDeploymentPostprocessing = 0;
		};
/* End PBXResourcesBuildPhase section */

/* Begin PBXSourcesBuildPhase section */
		658E845B2609A3EB00DDACBA /* Sources */ = {
			isa = PBXSourcesBuildPhase;
			buildActionMask = 2147483647;
			files = (
				65C63C5126359F4000BFC201 /* PlaylistControllerTests.swift in Sources */,
				65785507263F22B1000C2AE0 /* DataStorageMock.swift in Sources */,
				658F1E9D261B5E8C001C4BA4 /* SpotifyMock.swift in Sources */,
				652EB1A52640F5970040F751 /* RandomPlaylistPickerTest.swift in Sources */,
				658E84622609A3EB00DDACBA /* SpotifyPlayerTests.swift in Sources */,
			);
			runOnlyForDeploymentPostprocessing = 0;
		};
		DCC0B52423139181007F76A6 /* Sources */ = {
			isa = PBXSourcesBuildPhase;
			buildActionMask = 2147483647;
			files = (
				654D536023F662DA007E65A8 /* Alert.swift in Sources */,
				658E844C2607CE8900DDACBA /* Playlist.swift in Sources */,
				65CE85582652213700DD00B4 /* SPTPartialPlaylist+InputPlaylist.swift in Sources */,
				DCC0B52E23139181007F76A6 /* SignInViewController.swift in Sources */,
				6578550C263F2309000C2AE0 /* DataStore.swift in Sources */,
				DCC0B52C23139181007F76A6 /* AppDelegate.swift in Sources */,
				652EB1AB2640FCE60040F751 /* RandomPlaylistPicker.swift in Sources */,
				65BA947D23E9F4AF000E4E11 /* Log.swift in Sources */,
				65209EAC25DE2D5900A93346 /* Player.swift in Sources */,
				658E84542607D31100DDACBA /* Spotify.swift in Sources */,
				DCEEFFA72331E15B00849984 /* SpuffleViewController.swift in Sources */,
				658E8458260858CD00DDACBA /* SpotifyPlayerError.swift in Sources */,
				652EB1AF2644EFFD0040F751 /* Track.swift in Sources */,
				658E84472607CE0B00DDACBA /* SpotifyController.swift in Sources */,
				DCAEADE7232B4E8D006FCC49 /* AppSecrets.swift in Sources */,
				65F436BE25FF9E8A0047B3FD /* SpotifyPlayer.swift in Sources */,
				656CA5A0264D866500C24DB1 /* UserDefaults+DataStore.swift in Sources */,
				658E844F2607CFF000DDACBA /* PlayerState.swift in Sources */,
				65F436C125FF9F160047B3FD /* SpotifyDelegate.swift in Sources */,
				657C299224480FF100EE8066 /* Extensions.swift in Sources */,
				65F436BB25FF9BA10047B3FD /* SpPlaybackEvent+CustomStringConvertible.swift in Sources */,
				65785512263F23A1000C2AE0 /* PlaylistController.swift in Sources */,
			);
			runOnlyForDeploymentPostprocessing = 0;
		};
/* End PBXSourcesBuildPhase section */

/* Begin PBXTargetDependency section */
		658E84652609A3EB00DDACBA /* PBXTargetDependency */ = {
			isa = PBXTargetDependency;
			target = DCC0B52723139181007F76A6 /* Spuffle */;
			targetProxy = 658E84642609A3EB00DDACBA /* PBXContainerItemProxy */;
		};
/* End PBXTargetDependency section */

/* Begin PBXVariantGroup section */
		DCC0B52F23139181007F76A6 /* Main.storyboard */ = {
			isa = PBXVariantGroup;
			children = (
				DCC0B53023139181007F76A6 /* Base */,
			);
			name = Main.storyboard;
			sourceTree = "<group>";
		};
		DCC0B53423139182007F76A6 /* LaunchScreen.storyboard */ = {
			isa = PBXVariantGroup;
			children = (
				DCC0B53523139182007F76A6 /* Base */,
			);
			name = LaunchScreen.storyboard;
			sourceTree = "<group>";
		};
/* End PBXVariantGroup section */

/* Begin XCBuildConfiguration section */
		658E84672609A3EB00DDACBA /* Debug */ = {
			isa = XCBuildConfiguration;
			buildSettings = {
				ALWAYS_SEARCH_USER_PATHS = NO;
				BUNDLE_LOADER = "$(TEST_HOST)";
				CLANG_ANALYZER_NONNULL = YES;
				CLANG_ANALYZER_NUMBER_OBJECT_CONVERSION = YES_AGGRESSIVE;
				CLANG_CXX_LANGUAGE_STANDARD = "gnu++14";
				CLANG_CXX_LIBRARY = "libc++";
				CLANG_ENABLE_MODULES = YES;
				CLANG_ENABLE_OBJC_ARC = YES;
				CLANG_ENABLE_OBJC_WEAK = YES;
				CLANG_WARN_DIRECT_OBJC_ISA_USAGE = YES_ERROR;
				CLANG_WARN_DOCUMENTATION_COMMENTS = YES;
				CLANG_WARN_OBJC_ROOT_CLASS = YES_ERROR;
				CLANG_WARN_UNGUARDED_AVAILABILITY = YES_AGGRESSIVE;
				CODE_SIGN_STYLE = Automatic;
				COPY_PHASE_STRIP = NO;
				DEBUG_INFORMATION_FORMAT = dwarf;
				DEVELOPMENT_TEAM = 49WVTKH5U8;
				FRAMEWORK_SEARCH_PATHS = (
					"$(inherited)",
					"$(PROJECT_DIR)/Frameworks",
				);
				GCC_C_LANGUAGE_STANDARD = gnu11;
				GCC_DYNAMIC_NO_PIC = NO;
				GCC_OPTIMIZATION_LEVEL = 0;
				GCC_PREPROCESSOR_DEFINITIONS = (
					"DEBUG=1",
					"$(inherited)",
				);
				GCC_WARN_ABOUT_RETURN_TYPE = YES_ERROR;
				GCC_WARN_UNINITIALIZED_AUTOS = YES_AGGRESSIVE;
				INFOPLIST_FILE = SpuffleTests/Info.plist;
				IPHONEOS_DEPLOYMENT_TARGET = 14.4;
				LD_RUNPATH_SEARCH_PATHS = (
					"$(inherited)",
					"@executable_path/Frameworks",
					"@loader_path/Frameworks",
				);
				MTL_ENABLE_DEBUG_INFO = INCLUDE_SOURCE;
				MTL_FAST_MATH = YES;
				PRODUCT_BUNDLE_IDENTIFIER = se.gillfrost.SpuffleTests;
				PRODUCT_NAME = "$(TARGET_NAME)";
				SDKROOT = iphoneos;
				SWIFT_ACTIVE_COMPILATION_CONDITIONS = DEBUG;
				SWIFT_OPTIMIZATION_LEVEL = "-Onone";
				SWIFT_VERSION = 5.0;
				TARGETED_DEVICE_FAMILY = "1,2";
				TEST_HOST = "$(BUILT_PRODUCTS_DIR)/Spuffle.app/Spuffle";
			};
			name = Debug;
		};
		658E84682609A3EB00DDACBA /* Release */ = {
			isa = XCBuildConfiguration;
			buildSettings = {
				ALWAYS_SEARCH_USER_PATHS = NO;
				BUNDLE_LOADER = "$(TEST_HOST)";
				CLANG_ANALYZER_NONNULL = YES;
				CLANG_ANALYZER_NUMBER_OBJECT_CONVERSION = YES_AGGRESSIVE;
				CLANG_CXX_LANGUAGE_STANDARD = "gnu++14";
				CLANG_CXX_LIBRARY = "libc++";
				CLANG_ENABLE_MODULES = YES;
				CLANG_ENABLE_OBJC_ARC = YES;
				CLANG_ENABLE_OBJC_WEAK = YES;
				CLANG_WARN_DIRECT_OBJC_ISA_USAGE = YES_ERROR;
				CLANG_WARN_DOCUMENTATION_COMMENTS = YES;
				CLANG_WARN_OBJC_ROOT_CLASS = YES_ERROR;
				CLANG_WARN_UNGUARDED_AVAILABILITY = YES_AGGRESSIVE;
				CODE_SIGN_STYLE = Automatic;
				COPY_PHASE_STRIP = NO;
				DEBUG_INFORMATION_FORMAT = "dwarf-with-dsym";
				DEVELOPMENT_TEAM = 49WVTKH5U8;
				ENABLE_NS_ASSERTIONS = NO;
				FRAMEWORK_SEARCH_PATHS = (
					"$(inherited)",
					"$(PROJECT_DIR)/Frameworks",
				);
				GCC_C_LANGUAGE_STANDARD = gnu11;
				GCC_WARN_ABOUT_RETURN_TYPE = YES_ERROR;
				GCC_WARN_UNINITIALIZED_AUTOS = YES_AGGRESSIVE;
				INFOPLIST_FILE = SpuffleTests/Info.plist;
				IPHONEOS_DEPLOYMENT_TARGET = 14.4;
				LD_RUNPATH_SEARCH_PATHS = (
					"$(inherited)",
					"@executable_path/Frameworks",
					"@loader_path/Frameworks",
				);
				MTL_ENABLE_DEBUG_INFO = NO;
				MTL_FAST_MATH = YES;
				PRODUCT_BUNDLE_IDENTIFIER = se.gillfrost.SpuffleTests;
				PRODUCT_NAME = "$(TARGET_NAME)";
				SDKROOT = iphoneos;
				SWIFT_COMPILATION_MODE = wholemodule;
				SWIFT_OPTIMIZATION_LEVEL = "-O";
				SWIFT_VERSION = 5.0;
				TARGETED_DEVICE_FAMILY = "1,2";
				TEST_HOST = "$(BUILT_PRODUCTS_DIR)/Spuffle.app/Spuffle";
				VALIDATE_PRODUCT = YES;
			};
			name = Release;
		};
		DCC0B53823139182007F76A6 /* Debug */ = {
			isa = XCBuildConfiguration;
			buildSettings = {
				ALWAYS_SEARCH_USER_PATHS = NO;
				ASSETCATALOG_COMPILER_APPICON_NAME = AppIcon;
				CLANG_ANALYZER_NONNULL = YES;
				CLANG_ANALYZER_NUMBER_OBJECT_CONVERSION = YES_AGGRESSIVE;
				CLANG_CXX_LANGUAGE_STANDARD = "gnu++14";
				CLANG_CXX_LIBRARY = "libc++";
				CLANG_ENABLE_MODULES = YES;
				CLANG_ENABLE_OBJC_ARC = YES;
				CLANG_ENABLE_OBJC_WEAK = YES;
				CLANG_WARN_BLOCK_CAPTURE_AUTORELEASING = YES;
				CLANG_WARN_BOOL_CONVERSION = YES;
				CLANG_WARN_COMMA = YES;
				CLANG_WARN_CONSTANT_CONVERSION = YES;
				CLANG_WARN_DEPRECATED_OBJC_IMPLEMENTATIONS = YES;
				CLANG_WARN_DIRECT_OBJC_ISA_USAGE = YES_ERROR;
				CLANG_WARN_DOCUMENTATION_COMMENTS = YES;
				CLANG_WARN_EMPTY_BODY = YES;
				CLANG_WARN_ENUM_CONVERSION = YES;
				CLANG_WARN_INFINITE_RECURSION = YES;
				CLANG_WARN_INT_CONVERSION = YES;
				CLANG_WARN_NON_LITERAL_NULL_CONVERSION = YES;
				CLANG_WARN_OBJC_IMPLICIT_RETAIN_SELF = YES;
				CLANG_WARN_OBJC_LITERAL_CONVERSION = YES;
				CLANG_WARN_OBJC_ROOT_CLASS = YES_ERROR;
				CLANG_WARN_RANGE_LOOP_ANALYSIS = YES;
				CLANG_WARN_STRICT_PROTOTYPES = YES;
				CLANG_WARN_SUSPICIOUS_MOVE = YES;
				CLANG_WARN_UNGUARDED_AVAILABILITY = YES_AGGRESSIVE;
				CLANG_WARN_UNREACHABLE_CODE = YES;
				CLANG_WARN__DUPLICATE_METHOD_MATCH = YES;
				CODE_SIGN_IDENTITY = "iPhone Developer";
				CODE_SIGN_STYLE = Automatic;
				COPY_PHASE_STRIP = NO;
				CURRENT_PROJECT_VERSION = 202005032005;
				DEBUG_INFORMATION_FORMAT = dwarf;
				DEVELOPMENT_TEAM = 49WVTKH5U8;
				ENABLE_STRICT_OBJC_MSGSEND = YES;
				ENABLE_TESTABILITY = YES;
				FRAMEWORK_SEARCH_PATHS = (
					"$(inherited)",
					"$(PROJECT_DIR)/Frameworks",
				);
				GCC_C_LANGUAGE_STANDARD = gnu11;
				GCC_DYNAMIC_NO_PIC = NO;
				GCC_NO_COMMON_BLOCKS = YES;
				GCC_OPTIMIZATION_LEVEL = 0;
				GCC_PREPROCESSOR_DEFINITIONS = (
					"DEBUG=1",
					"$(inherited)",
				);
				GCC_WARN_64_TO_32_BIT_CONVERSION = YES;
				GCC_WARN_ABOUT_RETURN_TYPE = YES_ERROR;
				GCC_WARN_UNDECLARED_SELECTOR = YES;
				GCC_WARN_UNINITIALIZED_AUTOS = YES_AGGRESSIVE;
				GCC_WARN_UNUSED_FUNCTION = YES;
				GCC_WARN_UNUSED_VARIABLE = YES;
				INFOPLIST_FILE = Spuffle/Info.plist;
				IPHONEOS_DEPLOYMENT_TARGET = 13.0;
				LD_RUNPATH_SEARCH_PATHS = (
					"$(inherited)",
					"@executable_path/Frameworks",
				);
				MTL_ENABLE_DEBUG_INFO = INCLUDE_SOURCE;
				MTL_FAST_MATH = YES;
				ONLY_ACTIVE_ARCH = YES;
				PRODUCT_BUNDLE_IDENTIFIER = se.gillfrost.spuffle;
				PRODUCT_NAME = "$(TARGET_NAME)";
				SDKROOT = iphoneos;
				SWIFT_ACTIVE_COMPILATION_CONDITIONS = DEBUG;
				SWIFT_OPTIMIZATION_LEVEL = "-Onone";
				SWIFT_VERSION = 5.0;
				TARGETED_DEVICE_FAMILY = "1,2";
			};
			name = Debug;
		};
		DCC0B53923139182007F76A6 /* Release */ = {
			isa = XCBuildConfiguration;
			buildSettings = {
				ALWAYS_SEARCH_USER_PATHS = NO;
				ASSETCATALOG_COMPILER_APPICON_NAME = AppIcon;
				CLANG_ANALYZER_NONNULL = YES;
				CLANG_ANALYZER_NUMBER_OBJECT_CONVERSION = YES_AGGRESSIVE;
				CLANG_CXX_LANGUAGE_STANDARD = "gnu++14";
				CLANG_CXX_LIBRARY = "libc++";
				CLANG_ENABLE_MODULES = YES;
				CLANG_ENABLE_OBJC_ARC = YES;
				CLANG_ENABLE_OBJC_WEAK = YES;
				CLANG_WARN_BLOCK_CAPTURE_AUTORELEASING = YES;
				CLANG_WARN_BOOL_CONVERSION = YES;
				CLANG_WARN_COMMA = YES;
				CLANG_WARN_CONSTANT_CONVERSION = YES;
				CLANG_WARN_DEPRECATED_OBJC_IMPLEMENTATIONS = YES;
				CLANG_WARN_DIRECT_OBJC_ISA_USAGE = YES_ERROR;
				CLANG_WARN_DOCUMENTATION_COMMENTS = YES;
				CLANG_WARN_EMPTY_BODY = YES;
				CLANG_WARN_ENUM_CONVERSION = YES;
				CLANG_WARN_INFINITE_RECURSION = YES;
				CLANG_WARN_INT_CONVERSION = YES;
				CLANG_WARN_NON_LITERAL_NULL_CONVERSION = YES;
				CLANG_WARN_OBJC_IMPLICIT_RETAIN_SELF = YES;
				CLANG_WARN_OBJC_LITERAL_CONVERSION = YES;
				CLANG_WARN_OBJC_ROOT_CLASS = YES_ERROR;
				CLANG_WARN_RANGE_LOOP_ANALYSIS = YES;
				CLANG_WARN_STRICT_PROTOTYPES = YES;
				CLANG_WARN_SUSPICIOUS_MOVE = YES;
				CLANG_WARN_UNGUARDED_AVAILABILITY = YES_AGGRESSIVE;
				CLANG_WARN_UNREACHABLE_CODE = YES;
				CLANG_WARN__DUPLICATE_METHOD_MATCH = YES;
				CODE_SIGN_IDENTITY = "iPhone Developer";
				CODE_SIGN_STYLE = Automatic;
				COPY_PHASE_STRIP = NO;
				CURRENT_PROJECT_VERSION = 202005032005;
				DEBUG_INFORMATION_FORMAT = "dwarf-with-dsym";
				DEVELOPMENT_TEAM = 49WVTKH5U8;
				ENABLE_NS_ASSERTIONS = NO;
				ENABLE_STRICT_OBJC_MSGSEND = YES;
				FRAMEWORK_SEARCH_PATHS = (
					"$(inherited)",
					"$(PROJECT_DIR)/Frameworks",
				);
				GCC_C_LANGUAGE_STANDARD = gnu11;
				GCC_NO_COMMON_BLOCKS = YES;
				GCC_WARN_64_TO_32_BIT_CONVERSION = YES;
				GCC_WARN_ABOUT_RETURN_TYPE = YES_ERROR;
				GCC_WARN_UNDECLARED_SELECTOR = YES;
				GCC_WARN_UNINITIALIZED_AUTOS = YES_AGGRESSIVE;
				GCC_WARN_UNUSED_FUNCTION = YES;
				GCC_WARN_UNUSED_VARIABLE = YES;
				INFOPLIST_FILE = Spuffle/Info.plist;
				IPHONEOS_DEPLOYMENT_TARGET = 13.0;
				LD_RUNPATH_SEARCH_PATHS = (
					"$(inherited)",
					"@executable_path/Frameworks",
				);
				MTL_ENABLE_DEBUG_INFO = NO;
				MTL_FAST_MATH = YES;
				PRODUCT_BUNDLE_IDENTIFIER = se.gillfrost.spuffle;
				PRODUCT_NAME = "$(TARGET_NAME)";
				SDKROOT = iphoneos;
				SWIFT_COMPILATION_MODE = wholemodule;
				SWIFT_OPTIMIZATION_LEVEL = "-O";
				SWIFT_VERSION = 5.0;
				TARGETED_DEVICE_FAMILY = "1,2";
				VALIDATE_PRODUCT = YES;
			};
			name = Release;
		};
		DCF828E12312DB5C001FBFC2 /* Debug */ = {
			isa = XCBuildConfiguration;
			buildSettings = {
				CLANG_WARN_BLOCK_CAPTURE_AUTORELEASING = YES;
				CLANG_WARN_BOOL_CONVERSION = YES;
				CLANG_WARN_COMMA = YES;
				CLANG_WARN_CONSTANT_CONVERSION = YES;
				CLANG_WARN_DEPRECATED_OBJC_IMPLEMENTATIONS = YES;
				CLANG_WARN_EMPTY_BODY = YES;
				CLANG_WARN_ENUM_CONVERSION = YES;
				CLANG_WARN_INFINITE_RECURSION = YES;
				CLANG_WARN_INT_CONVERSION = YES;
				CLANG_WARN_NON_LITERAL_NULL_CONVERSION = YES;
				CLANG_WARN_OBJC_IMPLICIT_RETAIN_SELF = YES;
				CLANG_WARN_OBJC_LITERAL_CONVERSION = YES;
				CLANG_WARN_QUOTED_INCLUDE_IN_FRAMEWORK_HEADER = YES;
				CLANG_WARN_RANGE_LOOP_ANALYSIS = YES;
				CLANG_WARN_STRICT_PROTOTYPES = YES;
				CLANG_WARN_SUSPICIOUS_MOVE = YES;
				CLANG_WARN_UNREACHABLE_CODE = YES;
				CLANG_WARN__DUPLICATE_METHOD_MATCH = YES;
				ENABLE_STRICT_OBJC_MSGSEND = YES;
				ENABLE_TESTABILITY = YES;
				GCC_NO_COMMON_BLOCKS = YES;
				GCC_WARN_64_TO_32_BIT_CONVERSION = YES;
				GCC_WARN_ABOUT_RETURN_TYPE = YES;
				GCC_WARN_UNDECLARED_SELECTOR = YES;
				GCC_WARN_UNINITIALIZED_AUTOS = YES;
				GCC_WARN_UNUSED_FUNCTION = YES;
				GCC_WARN_UNUSED_VARIABLE = YES;
				ONLY_ACTIVE_ARCH = YES;
				OTHER_LDFLAGS = "-ObjC";
				SWIFT_OBJC_BRIDGING_HEADER = "Spuffle-Bridging-Header.h";
			};
			name = Debug;
		};
		DCF828E22312DB5C001FBFC2 /* Release */ = {
			isa = XCBuildConfiguration;
			buildSettings = {
				CLANG_WARN_BLOCK_CAPTURE_AUTORELEASING = YES;
				CLANG_WARN_BOOL_CONVERSION = YES;
				CLANG_WARN_COMMA = YES;
				CLANG_WARN_CONSTANT_CONVERSION = YES;
				CLANG_WARN_DEPRECATED_OBJC_IMPLEMENTATIONS = YES;
				CLANG_WARN_EMPTY_BODY = YES;
				CLANG_WARN_ENUM_CONVERSION = YES;
				CLANG_WARN_INFINITE_RECURSION = YES;
				CLANG_WARN_INT_CONVERSION = YES;
				CLANG_WARN_NON_LITERAL_NULL_CONVERSION = YES;
				CLANG_WARN_OBJC_IMPLICIT_RETAIN_SELF = YES;
				CLANG_WARN_OBJC_LITERAL_CONVERSION = YES;
				CLANG_WARN_QUOTED_INCLUDE_IN_FRAMEWORK_HEADER = YES;
				CLANG_WARN_RANGE_LOOP_ANALYSIS = YES;
				CLANG_WARN_STRICT_PROTOTYPES = YES;
				CLANG_WARN_SUSPICIOUS_MOVE = YES;
				CLANG_WARN_UNREACHABLE_CODE = YES;
				CLANG_WARN__DUPLICATE_METHOD_MATCH = YES;
				ENABLE_STRICT_OBJC_MSGSEND = YES;
				GCC_NO_COMMON_BLOCKS = YES;
				GCC_WARN_64_TO_32_BIT_CONVERSION = YES;
				GCC_WARN_ABOUT_RETURN_TYPE = YES;
				GCC_WARN_UNDECLARED_SELECTOR = YES;
				GCC_WARN_UNINITIALIZED_AUTOS = YES;
				GCC_WARN_UNUSED_FUNCTION = YES;
				GCC_WARN_UNUSED_VARIABLE = YES;
				OTHER_LDFLAGS = "-ObjC";
				SWIFT_OBJC_BRIDGING_HEADER = "Spuffle-Bridging-Header.h";
			};
			name = Release;
		};
/* End XCBuildConfiguration section */

/* Begin XCConfigurationList section */
		658E84662609A3EB00DDACBA /* Build configuration list for PBXNativeTarget "SpuffleTests" */ = {
			isa = XCConfigurationList;
			buildConfigurations = (
				658E84672609A3EB00DDACBA /* Debug */,
				658E84682609A3EB00DDACBA /* Release */,
			);
			defaultConfigurationIsVisible = 0;
			defaultConfigurationName = Release;
		};
		DCC0B53A23139182007F76A6 /* Build configuration list for PBXNativeTarget "Spuffle" */ = {
			isa = XCConfigurationList;
			buildConfigurations = (
				DCC0B53823139182007F76A6 /* Debug */,
				DCC0B53923139182007F76A6 /* Release */,
			);
			defaultConfigurationIsVisible = 0;
			defaultConfigurationName = Release;
		};
		DCF828E02312DB5C001FBFC2 /* Build configuration list for PBXProject "Spuffle" */ = {
			isa = XCConfigurationList;
			buildConfigurations = (
				DCF828E12312DB5C001FBFC2 /* Debug */,
				DCF828E22312DB5C001FBFC2 /* Release */,
			);
			defaultConfigurationIsVisible = 0;
			defaultConfigurationName = Release;
		};
/* End XCConfigurationList section */
	};
	rootObject = DCF828DD2312DB5C001FBFC2 /* Project object */;
}
