// !$*UTF8*$!
{
	archiveVersion = 1;
	classes = {
	};
	objectVersion = 50;
	objects = {

/* Begin PBXBuildFile section */
		654D536023F662DA007E65A8 /* Alert.swift in Sources */ = {isa = PBXBuildFile; fileRef = 654D535F23F662DA007E65A8 /* Alert.swift */; };
		657C299224480FF100EE8066 /* Extensions.swift in Sources */ = {isa = PBXBuildFile; fileRef = 657C299124480FF100EE8066 /* Extensions.swift */; };
		65BA947D23E9F4AF000E4E11 /* Log.swift in Sources */ = {isa = PBXBuildFile; fileRef = 65BA947C23E9F4AF000E4E11 /* Log.swift */; };
		DC0EA8CF23387D08005FB35B /* SpotifyMetadata.framework in Frameworks */ = {isa = PBXBuildFile; fileRef = DC0EA8CE23387D08005FB35B /* SpotifyMetadata.framework */; };
		DC57F9612316593B0054F19C /* SpotifyAuthentication.framework in Frameworks */ = {isa = PBXBuildFile; fileRef = DC57F9602316593B0054F19C /* SpotifyAuthentication.framework */; };
		DCAEADE7232B4E8D006FCC49 /* AppSecrets.swift in Sources */ = {isa = PBXBuildFile; fileRef = DCAEADE6232B4E8D006FCC49 /* AppSecrets.swift */; };
		DCC0B52C23139181007F76A6 /* AppDelegate.swift in Sources */ = {isa = PBXBuildFile; fileRef = DCC0B52B23139181007F76A6 /* AppDelegate.swift */; };
		DCC0B52E23139181007F76A6 /* SignInViewController.swift in Sources */ = {isa = PBXBuildFile; fileRef = DCC0B52D23139181007F76A6 /* SignInViewController.swift */; };
		DCC0B53123139181007F76A6 /* Main.storyboard in Resources */ = {isa = PBXBuildFile; fileRef = DCC0B52F23139181007F76A6 /* Main.storyboard */; };
		DCC0B53323139182007F76A6 /* Assets.xcassets in Resources */ = {isa = PBXBuildFile; fileRef = DCC0B53223139182007F76A6 /* Assets.xcassets */; };
		DCC0B53623139182007F76A6 /* LaunchScreen.storyboard in Resources */ = {isa = PBXBuildFile; fileRef = DCC0B53423139182007F76A6 /* LaunchScreen.storyboard */; };
		DCEEFFA72331E15B00849984 /* SpuffleViewController.swift in Sources */ = {isa = PBXBuildFile; fileRef = DCEEFFA62331E15B00849984 /* SpuffleViewController.swift */; };
		DCEF78842342FF28002E672E /* SpotifyAudioPlayback.framework in Frameworks */ = {isa = PBXBuildFile; fileRef = DCEF78832342FF28002E672E /* SpotifyAudioPlayback.framework */; };
/* End PBXBuildFile section */

/* Begin PBXFileReference section */
		654D535F23F662DA007E65A8 /* Alert.swift */ = {isa = PBXFileReference; lastKnownFileType = sourcecode.swift; path = Alert.swift; sourceTree = "<group>"; };
		657C299124480FF100EE8066 /* Extensions.swift */ = {isa = PBXFileReference; lastKnownFileType = sourcecode.swift; path = Extensions.swift; sourceTree = "<group>"; };
		65BA947C23E9F4AF000E4E11 /* Log.swift */ = {isa = PBXFileReference; lastKnownFileType = sourcecode.swift; path = Log.swift; sourceTree = "<group>"; };
		DC0EA8CE23387D08005FB35B /* SpotifyMetadata.framework */ = {isa = PBXFileReference; lastKnownFileType = wrapper.framework; name = SpotifyMetadata.framework; path = Frameworks/SpotifyMetadata.framework; sourceTree = "<group>"; };
		DC57F9602316593B0054F19C /* SpotifyAuthentication.framework */ = {isa = PBXFileReference; lastKnownFileType = wrapper.framework; name = SpotifyAuthentication.framework; path = Frameworks/SpotifyAuthentication.framework; sourceTree = "<group>"; };
		DC57F96223165A850054F19C /* Spuffle-Bridging-Header.h */ = {isa = PBXFileReference; lastKnownFileType = sourcecode.c.h; path = "Spuffle-Bridging-Header.h"; sourceTree = "<group>"; };
		DCAEADE6232B4E8D006FCC49 /* AppSecrets.swift */ = {isa = PBXFileReference; lastKnownFileType = sourcecode.swift; path = AppSecrets.swift; sourceTree = "<group>"; };
		DCC0B52823139181007F76A6 /* Spuffle.app */ = {isa = PBXFileReference; explicitFileType = wrapper.application; includeInIndex = 0; path = Spuffle.app; sourceTree = BUILT_PRODUCTS_DIR; };
		DCC0B52B23139181007F76A6 /* AppDelegate.swift */ = {isa = PBXFileReference; lastKnownFileType = sourcecode.swift; path = AppDelegate.swift; sourceTree = "<group>"; };
		DCC0B52D23139181007F76A6 /* SignInViewController.swift */ = {isa = PBXFileReference; lastKnownFileType = sourcecode.swift; path = SignInViewController.swift; sourceTree = "<group>"; };
		DCC0B53023139181007F76A6 /* Base */ = {isa = PBXFileReference; lastKnownFileType = file.storyboard; name = Base; path = Base.lproj/Main.storyboard; sourceTree = "<group>"; };
		DCC0B53223139182007F76A6 /* Assets.xcassets */ = {isa = PBXFileReference; lastKnownFileType = folder.assetcatalog; path = Assets.xcassets; sourceTree = "<group>"; };
		DCC0B53523139182007F76A6 /* Base */ = {isa = PBXFileReference; lastKnownFileType = file.storyboard; name = Base; path = Base.lproj/LaunchScreen.storyboard; sourceTree = "<group>"; };
		DCC0B53723139182007F76A6 /* Info.plist */ = {isa = PBXFileReference; lastKnownFileType = text.plist.xml; path = Info.plist; sourceTree = "<group>"; };
		DCEEFFA62331E15B00849984 /* SpuffleViewController.swift */ = {isa = PBXFileReference; lastKnownFileType = sourcecode.swift; path = SpuffleViewController.swift; sourceTree = "<group>"; };
		DCEF78832342FF28002E672E /* SpotifyAudioPlayback.framework */ = {isa = PBXFileReference; lastKnownFileType = wrapper.framework; name = SpotifyAudioPlayback.framework; path = Frameworks/SpotifyAudioPlayback.framework; sourceTree = "<group>"; };
/* End PBXFileReference section */

/* Begin PBXFrameworksBuildPhase section */
		DCC0B52523139181007F76A6 /* Frameworks */ = {
			isa = PBXFrameworksBuildPhase;
			buildActionMask = 2147483647;
			files = (
				DCEF78842342FF28002E672E /* SpotifyAudioPlayback.framework in Frameworks */,
				DC0EA8CF23387D08005FB35B /* SpotifyMetadata.framework in Frameworks */,
				DC57F9612316593B0054F19C /* SpotifyAuthentication.framework in Frameworks */,
			);
			runOnlyForDeploymentPostprocessing = 0;
		};
/* End PBXFrameworksBuildPhase section */

/* Begin PBXGroup section */
		DC57F95F2316593B0054F19C /* Frameworks */ = {
			isa = PBXGroup;
			children = (
				DCEF78832342FF28002E672E /* SpotifyAudioPlayback.framework */,
				DC0EA8CE23387D08005FB35B /* SpotifyMetadata.framework */,
				DC57F9602316593B0054F19C /* SpotifyAuthentication.framework */,
			);
			name = Frameworks;
			sourceTree = "<group>";
		};
		DCC0B52923139181007F76A6 /* Products */ = {
			isa = PBXGroup;
			children = (
				DCC0B52823139181007F76A6 /* Spuffle.app */,
			);
			name = Products;
			sourceTree = "<group>";
		};
		DCC0B52A23139181007F76A6 /* Spuffle */ = {
			isa = PBXGroup;
			children = (
				DCC0B52B23139181007F76A6 /* AppDelegate.swift */,
				654D535F23F662DA007E65A8 /* Alert.swift */,
				DCC0B52D23139181007F76A6 /* SignInViewController.swift */,
				DCEEFFA62331E15B00849984 /* SpuffleViewController.swift */,
				DCC0B52F23139181007F76A6 /* Main.storyboard */,
				DCC0B53223139182007F76A6 /* Assets.xcassets */,
				DCC0B53423139182007F76A6 /* LaunchScreen.storyboard */,
				DCC0B53723139182007F76A6 /* Info.plist */,
				DCAEADE6232B4E8D006FCC49 /* AppSecrets.swift */,
				65BA947C23E9F4AF000E4E11 /* Log.swift */,
				657C299124480FF100EE8066 /* Extensions.swift */,
			);
			path = Spuffle;
			sourceTree = "<group>";
		};
		DCF828DC2312DB5C001FBFC2 = {
			isa = PBXGroup;
			children = (
				DC57F96223165A850054F19C /* Spuffle-Bridging-Header.h */,
				DCC0B52A23139181007F76A6 /* Spuffle */,
				DCC0B52923139181007F76A6 /* Products */,
				DC57F95F2316593B0054F19C /* Frameworks */,
			);
			sourceTree = "<group>";
		};
/* End PBXGroup section */

/* Begin PBXNativeTarget section */
		DCC0B52723139181007F76A6 /* Spuffle */ = {
			isa = PBXNativeTarget;
			buildConfigurationList = DCC0B53A23139182007F76A6 /* Build configuration list for PBXNativeTarget "Spuffle" */;
			buildPhases = (
				DCC0B52423139181007F76A6 /* Sources */,
				DCC0B52523139181007F76A6 /* Frameworks */,
				DCC0B52623139181007F76A6 /* Resources */,
			);
			buildRules = (
			);
			dependencies = (
			);
			name = Spuffle;
			productName = Spuffle;
			productReference = DCC0B52823139181007F76A6 /* Spuffle.app */;
			productType = "com.apple.product-type.application";
		};
/* End PBXNativeTarget section */

/* Begin PBXProject section */
		DCF828DD2312DB5C001FBFC2 /* Project object */ = {
			isa = PBXProject;
			attributes = {
				LastSwiftUpdateCheck = 1030;
				LastUpgradeCheck = 1130;
				TargetAttributes = {
					DCC0B52723139181007F76A6 = {
						CreatedOnToolsVersion = 10.3;
						SystemCapabilities = {
							com.apple.BackgroundModes = {
								enabled = 1;
							};
						};
					};
				};
			};
			buildConfigurationList = DCF828E02312DB5C001FBFC2 /* Build configuration list for PBXProject "Spuffle" */;
			compatibilityVersion = "Xcode 9.3";
			developmentRegion = en;
			hasScannedForEncodings = 0;
			knownRegions = (
				en,
				Base,
			);
			mainGroup = DCF828DC2312DB5C001FBFC2;
			productRefGroup = DCC0B52923139181007F76A6 /* Products */;
			projectDirPath = "";
			projectRoot = "";
			targets = (
				DCC0B52723139181007F76A6 /* Spuffle */,
			);
		};
/* End PBXProject section */

/* Begin PBXResourcesBuildPhase section */
		DCC0B52623139181007F76A6 /* Resources */ = {
			isa = PBXResourcesBuildPhase;
			buildActionMask = 2147483647;
			files = (
				DCC0B53623139182007F76A6 /* LaunchScreen.storyboard in Resources */,
				DCC0B53323139182007F76A6 /* Assets.xcassets in Resources */,
				DCC0B53123139181007F76A6 /* Main.storyboard in Resources */,
			);
			runOnlyForDeploymentPostprocessing = 0;
		};
/* End PBXResourcesBuildPhase section */

/* Begin PBXSourcesBuildPhase section */
		DCC0B52423139181007F76A6 /* Sources */ = {
			isa = PBXSourcesBuildPhase;
			buildActionMask = 2147483647;
			files = (
				654D536023F662DA007E65A8 /* Alert.swift in Sources */,
				DCC0B52E23139181007F76A6 /* SignInViewController.swift in Sources */,
				DCC0B52C23139181007F76A6 /* AppDelegate.swift in Sources */,
				65BA947D23E9F4AF000E4E11 /* Log.swift in Sources */,
				DCEEFFA72331E15B00849984 /* SpuffleViewController.swift in Sources */,
				DCAEADE7232B4E8D006FCC49 /* AppSecrets.swift in Sources */,
				657C299224480FF100EE8066 /* Extensions.swift in Sources */,
			);
			runOnlyForDeploymentPostprocessing = 0;
		};
/* End PBXSourcesBuildPhase section */

/* Begin PBXVariantGroup section */
		DCC0B52F23139181007F76A6 /* Main.storyboard */ = {
			isa = PBXVariantGroup;
			children = (
				DCC0B53023139181007F76A6 /* Base */,
			);
			name = Main.storyboard;
			sourceTree = "<group>";
		};
		DCC0B53423139182007F76A6 /* LaunchScreen.storyboard */ = {
			isa = PBXVariantGroup;
			children = (
				DCC0B53523139182007F76A6 /* Base */,
			);
			name = LaunchScreen.storyboard;
			sourceTree = "<group>";
		};
/* End PBXVariantGroup section */

/* Begin XCBuildConfiguration section */
		DCC0B53823139182007F76A6 /* Debug */ = {
			isa = XCBuildConfiguration;
			buildSettings = {
				ALWAYS_SEARCH_USER_PATHS = NO;
				ASSETCATALOG_COMPILER_APPICON_NAME = AppIcon;
				CLANG_ANALYZER_NONNULL = YES;
				CLANG_ANALYZER_NUMBER_OBJECT_CONVERSION = YES_AGGRESSIVE;
				CLANG_CXX_LANGUAGE_STANDARD = "gnu++14";
				CLANG_CXX_LIBRARY = "libc++";
				CLANG_ENABLE_MODULES = YES;
				CLANG_ENABLE_OBJC_ARC = YES;
				CLANG_ENABLE_OBJC_WEAK = YES;
				CLANG_WARN_BLOCK_CAPTURE_AUTORELEASING = YES;
				CLANG_WARN_BOOL_CONVERSION = YES;
				CLANG_WARN_COMMA = YES;
				CLANG_WARN_CONSTANT_CONVERSION = YES;
				CLANG_WARN_DEPRECATED_OBJC_IMPLEMENTATIONS = YES;
				CLANG_WARN_DIRECT_OBJC_ISA_USAGE = YES_ERROR;
				CLANG_WARN_DOCUMENTATION_COMMENTS = YES;
				CLANG_WARN_EMPTY_BODY = YES;
				CLANG_WARN_ENUM_CONVERSION = YES;
				CLANG_WARN_INFINITE_RECURSION = YES;
				CLANG_WARN_INT_CONVERSION = YES;
				CLANG_WARN_NON_LITERAL_NULL_CONVERSION = YES;
				CLANG_WARN_OBJC_IMPLICIT_RETAIN_SELF = YES;
				CLANG_WARN_OBJC_LITERAL_CONVERSION = YES;
				CLANG_WARN_OBJC_ROOT_CLASS = YES_ERROR;
				CLANG_WARN_RANGE_LOOP_ANALYSIS = YES;
				CLANG_WARN_STRICT_PROTOTYPES = YES;
				CLANG_WARN_SUSPICIOUS_MOVE = YES;
				CLANG_WARN_UNGUARDED_AVAILABILITY = YES_AGGRESSIVE;
				CLANG_WARN_UNREACHABLE_CODE = YES;
				CLANG_WARN__DUPLICATE_METHOD_MATCH = YES;
				CODE_SIGN_IDENTITY = "iPhone Developer";
				CODE_SIGN_STYLE = Automatic;
				COPY_PHASE_STRIP = NO;
				DEBUG_INFORMATION_FORMAT = dwarf;
				DEVELOPMENT_TEAM = 49WVTKH5U8;
				ENABLE_STRICT_OBJC_MSGSEND = YES;
				ENABLE_TESTABILITY = YES;
				FRAMEWORK_SEARCH_PATHS = (
					"$(inherited)",
					"$(PROJECT_DIR)/Frameworks",
				);
				GCC_C_LANGUAGE_STANDARD = gnu11;
				GCC_DYNAMIC_NO_PIC = NO;
				GCC_NO_COMMON_BLOCKS = YES;
				GCC_OPTIMIZATION_LEVEL = 0;
				GCC_PREPROCESSOR_DEFINITIONS = (
					"DEBUG=1",
					"$(inherited)",
				);
				GCC_WARN_64_TO_32_BIT_CONVERSION = YES;
				GCC_WARN_ABOUT_RETURN_TYPE = YES_ERROR;
				GCC_WARN_UNDECLARED_SELECTOR = YES;
				GCC_WARN_UNINITIALIZED_AUTOS = YES_AGGRESSIVE;
				GCC_WARN_UNUSED_FUNCTION = YES;
				GCC_WARN_UNUSED_VARIABLE = YES;
				INFOPLIST_FILE = Spuffle/Info.plist;
				IPHONEOS_DEPLOYMENT_TARGET = 11.0;
				LD_RUNPATH_SEARCH_PATHS = (
					"$(inherited)",
					"@executable_path/Frameworks",
				);
				MTL_ENABLE_DEBUG_INFO = INCLUDE_SOURCE;
				MTL_FAST_MATH = YES;
				ONLY_ACTIVE_ARCH = YES;
				PRODUCT_BUNDLE_IDENTIFIER = se.gillfrost.spuffle;
				PRODUCT_NAME = "$(TARGET_NAME)";
				SDKROOT = iphoneos;
				SWIFT_ACTIVE_COMPILATION_CONDITIONS = DEBUG;
				SWIFT_OPTIMIZATION_LEVEL = "-Onone";
				SWIFT_VERSION = 5.0;
				TARGETED_DEVICE_FAMILY = "1,2";
			};
			name = Debug;
		};
		DCC0B53923139182007F76A6 /* Release */ = {
			isa = XCBuildConfiguration;
			buildSettings = {
				ALWAYS_SEARCH_USER_PATHS = NO;
				ASSETCATALOG_COMPILER_APPICON_NAME = AppIcon;
				CLANG_ANALYZER_NONNULL = YES;
				CLANG_ANALYZER_NUMBER_OBJECT_CONVERSION = YES_AGGRESSIVE;
				CLANG_CXX_LANGUAGE_STANDARD = "gnu++14";
				CLANG_CXX_LIBRARY = "libc++";
				CLANG_ENABLE_MODULES = YES;
				CLANG_ENABLE_OBJC_ARC = YES;
				CLANG_ENABLE_OBJC_WEAK = YES;
				CLANG_WARN_BLOCK_CAPTURE_AUTORELEASING = YES;
				CLANG_WARN_BOOL_CONVERSION = YES;
				CLANG_WARN_COMMA = YES;
				CLANG_WARN_CONSTANT_CONVERSION = YES;
				CLANG_WARN_DEPRECATED_OBJC_IMPLEMENTATIONS = YES;
				CLANG_WARN_DIRECT_OBJC_ISA_USAGE = YES_ERROR;
				CLANG_WARN_DOCUMENTATION_COMMENTS = YES;
				CLANG_WARN_EMPTY_BODY = YES;
				CLANG_WARN_ENUM_CONVERSION = YES;
				CLANG_WARN_INFINITE_RECURSION = YES;
				CLANG_WARN_INT_CONVERSION = YES;
				CLANG_WARN_NON_LITERAL_NULL_CONVERSION = YES;
				CLANG_WARN_OBJC_IMPLICIT_RETAIN_SELF = YES;
				CLANG_WARN_OBJC_LITERAL_CONVERSION = YES;
				CLANG_WARN_OBJC_ROOT_CLASS = YES_ERROR;
				CLANG_WARN_RANGE_LOOP_ANALYSIS = YES;
				CLANG_WARN_STRICT_PROTOTYPES = YES;
				CLANG_WARN_SUSPICIOUS_MOVE = YES;
				CLANG_WARN_UNGUARDED_AVAILABILITY = YES_AGGRESSIVE;
				CLANG_WARN_UNREACHABLE_CODE = YES;
				CLANG_WARN__DUPLICATE_METHOD_MATCH = YES;
				CODE_SIGN_IDENTITY = "iPhone Developer";
				CODE_SIGN_STYLE = Automatic;
				COPY_PHASE_STRIP = NO;
				DEBUG_INFORMATION_FORMAT = "dwarf-with-dsym";
				DEVELOPMENT_TEAM = 49WVTKH5U8;
				ENABLE_NS_ASSERTIONS = NO;
				ENABLE_STRICT_OBJC_MSGSEND = YES;
				FRAMEWORK_SEARCH_PATHS = (
					"$(inherited)",
					"$(PROJECT_DIR)/Frameworks",
				);
				GCC_C_LANGUAGE_STANDARD = gnu11;
				GCC_NO_COMMON_BLOCKS = YES;
				GCC_WARN_64_TO_32_BIT_CONVERSION = YES;
				GCC_WARN_ABOUT_RETURN_TYPE = YES_ERROR;
				GCC_WARN_UNDECLARED_SELECTOR = YES;
				GCC_WARN_UNINITIALIZED_AUTOS = YES_AGGRESSIVE;
				GCC_WARN_UNUSED_FUNCTION = YES;
				GCC_WARN_UNUSED_VARIABLE = YES;
				INFOPLIST_FILE = Spuffle/Info.plist;
				IPHONEOS_DEPLOYMENT_TARGET = 11.0;
				LD_RUNPATH_SEARCH_PATHS = (
					"$(inherited)",
					"@executable_path/Frameworks",
				);
				MTL_ENABLE_DEBUG_INFO = NO;
				MTL_FAST_MATH = YES;
				PRODUCT_BUNDLE_IDENTIFIER = se.gillfrost.spuffle;
				PRODUCT_NAME = "$(TARGET_NAME)";
				SDKROOT = iphoneos;
				SWIFT_COMPILATION_MODE = wholemodule;
				SWIFT_OPTIMIZATION_LEVEL = "-O";
				SWIFT_VERSION = 5.0;
				TARGETED_DEVICE_FAMILY = "1,2";
				VALIDATE_PRODUCT = YES;
			};
			name = Release;
		};
		DCF828E12312DB5C001FBFC2 /* Debug */ = {
			isa = XCBuildConfiguration;
			buildSettings = {
				CLANG_WARN_BLOCK_CAPTURE_AUTORELEASING = YES;
				CLANG_WARN_BOOL_CONVERSION = YES;
				CLANG_WARN_COMMA = YES;
				CLANG_WARN_CONSTANT_CONVERSION = YES;
				CLANG_WARN_DEPRECATED_OBJC_IMPLEMENTATIONS = YES;
				CLANG_WARN_EMPTY_BODY = YES;
				CLANG_WARN_ENUM_CONVERSION = YES;
				CLANG_WARN_INFINITE_RECURSION = YES;
				CLANG_WARN_INT_CONVERSION = YES;
				CLANG_WARN_NON_LITERAL_NULL_CONVERSION = YES;
				CLANG_WARN_OBJC_IMPLICIT_RETAIN_SELF = YES;
				CLANG_WARN_OBJC_LITERAL_CONVERSION = YES;
				CLANG_WARN_RANGE_LOOP_ANALYSIS = YES;
				CLANG_WARN_STRICT_PROTOTYPES = YES;
				CLANG_WARN_SUSPICIOUS_MOVE = YES;
				CLANG_WARN_UNREACHABLE_CODE = YES;
				CLANG_WARN__DUPLICATE_METHOD_MATCH = YES;
				ENABLE_STRICT_OBJC_MSGSEND = YES;
				ENABLE_TESTABILITY = YES;
				GCC_NO_COMMON_BLOCKS = YES;
				GCC_WARN_64_TO_32_BIT_CONVERSION = YES;
				GCC_WARN_ABOUT_RETURN_TYPE = YES;
				GCC_WARN_UNDECLARED_SELECTOR = YES;
				GCC_WARN_UNINITIALIZED_AUTOS = YES;
				GCC_WARN_UNUSED_FUNCTION = YES;
				GCC_WARN_UNUSED_VARIABLE = YES;
				ONLY_ACTIVE_ARCH = YES;
				OTHER_LDFLAGS = "-ObjC";
				SWIFT_OBJC_BRIDGING_HEADER = "Spuffle-Bridging-Header.h";
			};
			name = Debug;
		};
		DCF828E22312DB5C001FBFC2 /* Release */ = {
			isa = XCBuildConfiguration;
			buildSettings = {
				CLANG_WARN_BLOCK_CAPTURE_AUTORELEASING = YES;
				CLANG_WARN_BOOL_CONVERSION = YES;
				CLANG_WARN_COMMA = YES;
				CLANG_WARN_CONSTANT_CONVERSION = YES;
				CLANG_WARN_DEPRECATED_OBJC_IMPLEMENTATIONS = YES;
				CLANG_WARN_EMPTY_BODY = YES;
				CLANG_WARN_ENUM_CONVERSION = YES;
				CLANG_WARN_INFINITE_RECURSION = YES;
				CLANG_WARN_INT_CONVERSION = YES;
				CLANG_WARN_NON_LITERAL_NULL_CONVERSION = YES;
				CLANG_WARN_OBJC_IMPLICIT_RETAIN_SELF = YES;
				CLANG_WARN_OBJC_LITERAL_CONVERSION = YES;
				CLANG_WARN_RANGE_LOOP_ANALYSIS = YES;
				CLANG_WARN_STRICT_PROTOTYPES = YES;
				CLANG_WARN_SUSPICIOUS_MOVE = YES;
				CLANG_WARN_UNREACHABLE_CODE = YES;
				CLANG_WARN__DUPLICATE_METHOD_MATCH = YES;
				ENABLE_STRICT_OBJC_MSGSEND = YES;
				GCC_NO_COMMON_BLOCKS = YES;
				GCC_WARN_64_TO_32_BIT_CONVERSION = YES;
				GCC_WARN_ABOUT_RETURN_TYPE = YES;
				GCC_WARN_UNDECLARED_SELECTOR = YES;
				GCC_WARN_UNINITIALIZED_AUTOS = YES;
				GCC_WARN_UNUSED_FUNCTION = YES;
				GCC_WARN_UNUSED_VARIABLE = YES;
				OTHER_LDFLAGS = "-ObjC";
				SWIFT_OBJC_BRIDGING_HEADER = "Spuffle-Bridging-Header.h";
			};
			name = Release;
		};
/* End XCBuildConfiguration section */

/* Begin XCConfigurationList section */
		DCC0B53A23139182007F76A6 /* Build configuration list for PBXNativeTarget "Spuffle" */ = {
			isa = XCConfigurationList;
			buildConfigurations = (
				DCC0B53823139182007F76A6 /* Debug */,
				DCC0B53923139182007F76A6 /* Release */,
			);
			defaultConfigurationIsVisible = 0;
			defaultConfigurationName = Release;
		};
		DCF828E02312DB5C001FBFC2 /* Build configuration list for PBXProject "Spuffle" */ = {
			isa = XCConfigurationList;
			buildConfigurations = (
				DCF828E12312DB5C001FBFC2 /* Debug */,
				DCF828E22312DB5C001FBFC2 /* Release */,
			);
			defaultConfigurationIsVisible = 0;
			defaultConfigurationName = Release;
		};
/* End XCConfigurationList section */
	};
	rootObject = DCF828DD2312DB5C001FBFC2 /* Project object */;
}
